
Microsoft Visual Studio Solution File, Format Version 12.00
# Visual Studio Version 17
VisualStudioVersion = 17.2.32519.379
MinimumVisualStudioVersion = 10.0.40219.1
Project("{9A19103F-16F7-4668-BE54-9A1E7A4F7556}") = "FunctionAppsDemo.Functions", "FunctionAppsDemo.Functions\FunctionAppsDemo.Functions.csproj", "{67EBFCB0-CFD8-4111-A789-5ECB597CE90B}"
EndProject
Global
	GlobalSection(SolutionConfigurationPlatforms) = preSolution
		Debug|Any CPU = Debug|Any CPU
		Release|Any CPU = Release|Any CPU
	EndGlobalSection
	GlobalSection(ProjectConfigurationPlatforms) = postSolution
		{67EBFCB0-CFD8-4111-A789-5ECB597CE90B}.Debug|Any CPU.ActiveCfg = Debug|Any CPU
		{67EBFCB0-CFD8-4111-A789-5ECB597CE90B}.Debug|Any CPU.Build.0 = Debug|Any CPU
		{67EBFCB0-CFD8-4111-A789-5ECB597CE90B}.Release|Any CPU.ActiveCfg = Release|Any CPU
		{67EBFCB0-CFD8-4111-A789-5ECB597CE90B}.Release|Any CPU.Build.0 = Release|Any CPU
	EndGlobalSection
	GlobalSection(SolutionProperties) = preSolution
		HideSolutionNode = FALSE
	EndGlobalSection
	GlobalSection(ExtensibilityGlobals) = postSolution
		SolutionGuid = {B396F6FA-F4B7-426A-B8D0-369FE39C0C8A}
	EndGlobalSection
EndGlobal
